
Microsoft Visual Studio Solution File, Format Version 12.00
Project("{2150E333-8FDC-42A3-9474-1A3956D46DE8}") = "2015", "2015", "{8668CA09-7679-420B-B08D-CF0DFBA047A0}"
EndProject
Project("{FAE04EC0-301F-11D3-BF4B-00C04F79EFBC}") = "day_1", "day_1\day_1.csproj", "{945F8FE2-B892-46DB-BBF7-6C7366385A42}"
EndProject
Project("{FAE04EC0-301F-11D3-BF4B-00C04F79EFBC}") = "day_2", "day_2\day_2.csproj", "{72B8E495-E6C8-47DF-BD72-625CB6BA9351}"
EndProject
Global
	GlobalSection(SolutionConfigurationPlatforms) = preSolution
		Debug|Any CPU = Debug|Any CPU
		Release|Any CPU = Release|Any CPU
	EndGlobalSection
	GlobalSection(NestedProjects) = preSolution
		{945F8FE2-B892-46DB-BBF7-6C7366385A42} = {8668CA09-7679-420B-B08D-CF0DFBA047A0}
		{72B8E495-E6C8-47DF-BD72-625CB6BA9351} = {8668CA09-7679-420B-B08D-CF0DFBA047A0}
	EndGlobalSection
	GlobalSection(ProjectConfigurationPlatforms) = postSolution
		{945F8FE2-B892-46DB-BBF7-6C7366385A42}.Debug|Any CPU.ActiveCfg = Debug|Any CPU
		{945F8FE2-B892-46DB-BBF7-6C7366385A42}.Debug|Any CPU.Build.0 = Debug|Any CPU
		{945F8FE2-B892-46DB-BBF7-6C7366385A42}.Release|Any CPU.ActiveCfg = Release|Any CPU
		{945F8FE2-B892-46DB-BBF7-6C7366385A42}.Release|Any CPU.Build.0 = Release|Any CPU
		{72B8E495-E6C8-47DF-BD72-625CB6BA9351}.Debug|Any CPU.ActiveCfg = Debug|Any CPU
		{72B8E495-E6C8-47DF-BD72-625CB6BA9351}.Debug|Any CPU.Build.0 = Debug|Any CPU
		{72B8E495-E6C8-47DF-BD72-625CB6BA9351}.Release|Any CPU.ActiveCfg = Release|Any CPU
		{72B8E495-E6C8-47DF-BD72-625CB6BA9351}.Release|Any CPU.Build.0 = Release|Any CPU
	EndGlobalSection
EndGlobal
